
Microsoft Visual Studio Solution File, Format Version 12.00
# Visual Studio 2013
VisualStudioVersion = 12.0.21005.1
MinimumVisualStudioVersion = 10.0.40219.1
Project("{8BC9CEB8-8B4A-11D0-8D11-00A0C91BC942}") = "Project1", "Project1\Project1.vcxproj", "{BA2E8C98-5AE3-4BAD-996C-841C8F95A1AA}"
EndProject
Project("{8BC9CEB8-8B4A-11D0-8D11-00A0C91BC942}") = "Project2_Split", "Project2_Split\Project2_Split.vcxproj", "{D3895A6E-2616-4A12-B959-486960E378CB}"
EndProject
Project("{8BC9CEB8-8B4A-11D0-8D11-00A0C91BC942}") = "Project2_Merge", "Project2_Merge\Project2_Merge.vcxproj", "{6036913A-ADBC-4388-A512-9E3E610CD01B}"
EndProject
Global
	GlobalSection(SolutionConfigurationPlatforms) = preSolution
		Debug|Win32 = Debug|Win32
		Release|Win32 = Release|Win32
	EndGlobalSection
	GlobalSection(ProjectConfigurationPlatforms) = postSolution
		{BA2E8C98-5AE3-4BAD-996C-841C8F95A1AA}.Debug|Win32.ActiveCfg = Debug|Win32
		{BA2E8C98-5AE3-4BAD-996C-841C8F95A1AA}.Debug|Win32.Build.0 = Debug|Win32
		{BA2E8C98-5AE3-4BAD-996C-841C8F95A1AA}.Release|Win32.ActiveCfg = Release|Win32
		{BA2E8C98-5AE3-4BAD-996C-841C8F95A1AA}.Release|Win32.Build.0 = Release|Win32
		{D3895A6E-2616-4A12-B959-486960E378CB}.Debug|Win32.ActiveCfg = Debug|Win32
		{D3895A6E-2616-4A12-B959-486960E378CB}.Debug|Win32.Build.0 = Debug|Win32
		{D3895A6E-2616-4A12-B959-486960E378CB}.Release|Win32.ActiveCfg = Release|Win32
		{D3895A6E-2616-4A12-B959-486960E378CB}.Release|Win32.Build.0 = Release|Win32
		{6036913A-ADBC-4388-A512-9E3E610CD01B}.Debug|Win32.ActiveCfg = Debug|Win32
		{6036913A-ADBC-4388-A512-9E3E610CD01B}.Debug|Win32.Build.0 = Debug|Win32
		{6036913A-ADBC-4388-A512-9E3E610CD01B}.Release|Win32.ActiveCfg = Release|Win32
		{6036913A-ADBC-4388-A512-9E3E610CD01B}.Release|Win32.Build.0 = Release|Win32
	EndGlobalSection
	GlobalSection(SolutionProperties) = preSolution
		HideSolutionNode = FALSE
	EndGlobalSection
EndGlobal
