
Microsoft Visual Studio Solution File, Format Version 11.00
# Visual Studio 2010
Project("{8BC9CEB8-8B4A-11D0-8D11-00A0C91BC942}") = "Ex01", "Ex01\Ex01.vcxproj", "{DF3D59D1-0244-4279-8FBB-D7F03D66E4B9}"
EndProject
Project("{8BC9CEB8-8B4A-11D0-8D11-00A0C91BC942}") = "Ex02", "Ex02\Ex02.vcxproj", "{B2D5B8A2-266E-48AA-A12D-7CE7D88583FD}"
EndProject
Project("{8BC9CEB8-8B4A-11D0-8D11-00A0C91BC942}") = "Ex03", "Ex03\Ex03.vcxproj", "{1671C013-726C-4C6F-BD4F-A1F13243F8AE}"
EndProject
Global
	GlobalSection(SolutionConfigurationPlatforms) = preSolution
		Debug|Win32 = Debug|Win32
		Release|Win32 = Release|Win32
	EndGlobalSection
	GlobalSection(ProjectConfigurationPlatforms) = postSolution
		{DF3D59D1-0244-4279-8FBB-D7F03D66E4B9}.Debug|Win32.ActiveCfg = Debug|Win32
		{DF3D59D1-0244-4279-8FBB-D7F03D66E4B9}.Debug|Win32.Build.0 = Debug|Win32
		{DF3D59D1-0244-4279-8FBB-D7F03D66E4B9}.Release|Win32.ActiveCfg = Release|Win32
		{DF3D59D1-0244-4279-8FBB-D7F03D66E4B9}.Release|Win32.Build.0 = Release|Win32
		{B2D5B8A2-266E-48AA-A12D-7CE7D88583FD}.Debug|Win32.ActiveCfg = Debug|Win32
		{B2D5B8A2-266E-48AA-A12D-7CE7D88583FD}.Debug|Win32.Build.0 = Debug|Win32
		{B2D5B8A2-266E-48AA-A12D-7CE7D88583FD}.Release|Win32.ActiveCfg = Release|Win32
		{B2D5B8A2-266E-48AA-A12D-7CE7D88583FD}.Release|Win32.Build.0 = Release|Win32
		{1671C013-726C-4C6F-BD4F-A1F13243F8AE}.Debug|Win32.ActiveCfg = Debug|Win32
		{1671C013-726C-4C6F-BD4F-A1F13243F8AE}.Debug|Win32.Build.0 = Debug|Win32
		{1671C013-726C-4C6F-BD4F-A1F13243F8AE}.Release|Win32.ActiveCfg = Release|Win32
		{1671C013-726C-4C6F-BD4F-A1F13243F8AE}.Release|Win32.Build.0 = Release|Win32
	EndGlobalSection
	GlobalSection(SolutionProperties) = preSolution
		HideSolutionNode = FALSE
	EndGlobalSection
EndGlobal
